
Microsoft Visual Studio Solution File, Format Version 12.00
# Visual Studio Version 16
VisualStudioVersion = 16.0.30621.155
MinimumVisualStudioVersion = 10.0.40219.1
Project("{FAE04EC0-301F-11D3-BF4B-00C04F79EFBC}") = "ConsoleApp4", "ConsoleApp4\ConsoleApp4.csproj", "{D277FEAD-8BEB-4B5E-A9AE-5F6AB9ADB7CC}"
EndProject
Global
	GlobalSection(SolutionConfigurationPlatforms) = preSolution
		Debug|Any CPU = Debug|Any CPU
		Release|Any CPU = Release|Any CPU
	EndGlobalSection
	GlobalSection(ProjectConfigurationPlatforms) = postSolution
		{D277FEAD-8BEB-4B5E-A9AE-5F6AB9ADB7CC}.Debug|Any CPU.ActiveCfg = Debug|Any CPU
		{D277FEAD-8BEB-4B5E-A9AE-5F6AB9ADB7CC}.Debug|Any CPU.Build.0 = Debug|Any CPU
		{D277FEAD-8BEB-4B5E-A9AE-5F6AB9ADB7CC}.Release|Any CPU.ActiveCfg = Release|Any CPU
		{D277FEAD-8BEB-4B5E-A9AE-5F6AB9ADB7CC}.Release|Any CPU.Build.0 = Release|Any CPU
	EndGlobalSection
	GlobalSection(SolutionProperties) = preSolution
		HideSolutionNode = FALSE
	EndGlobalSection
	GlobalSection(ExtensibilityGlobals) = postSolution
		SolutionGuid = {90EDFB8F-0169-4764-B60B-88281EAA6D32}
	EndGlobalSection
EndGlobal
